<?xml version="1.0" encoding="UTF-8" standalone="yes" ?>
<CodeBlocks_project_file>
	<FileVersion major="1" minor="6" />
	<Project>
		<Option title="Bicycle" />
		<Option pch_mode="2" />
		<Option compiler="gcc" />
		<Build>
			<Target title="Debug">
				<Option output="bin/Debug/Bicycle" prefix_auto="1" extension_auto="1" />
				<Option object_output="obj/Debug/" />
				<Option type="1" />
				<Option compiler="gcc" />
				<Compiler>
					<Add option="-g" />
					<Add directory="include" />
				</Compiler>
			</Target>
			<Target title="Release">
				<Option output="bin/Release/Bicycle" prefix_auto="1" extension_auto="1" />
				<Option object_output="obj/Release/" />
				<Option type="1" />
				<Option compiler="gcc" />
				<Compiler>
					<Add option="-O2" />
					<Add directory="include" />
				</Compiler>
				<Linker>
					<Add option="-s" />
				</Linker>
			</Target>
		</Build>
		<Compiler>
			<Add option="-Wall" />
		</Compiler>
		<Unit filename="mainUniverseTest.cpp" />
		<Unit filename="src/ANN.h" />
		<Unit filename="src/action.cpp" />
		<Unit filename="src/action.h" />
		<Unit filename="src/creature.cpp" />
		<Unit filename="src/creature.h" />
		<Unit filename="src/event.cpp" />
		<Unit filename="src/event.h" />
		<Unit filename="src/exception.h" />
		<Unit filename="src/random.cpp" />
		<Unit filename="src/random.h" />
		<Unit filename="src/scheduler.cpp" />
		<Unit filename="src/scheduler.h" />
		<Unit filename="src/typedef.h" />
		<Unit filename="src/universe.cpp" />
		<Unit filename="src/universe.h" />
		<Extensions>
			<code_completion />
			<envvars />
			<debugger />
			<lib_finder disable_auto="1" />
		</Extensions>
	</Project>
</CodeBlocks_project_file>
